// !$*UTF8*$!
{
	archiveVersion = 1;
	classes = {
	};
	objectVersion = 46;
	objects = {

/* Begin PBXBuildFile section */
		0337F7C31F307D7F008D1AD0 /* AppDelegate.swift in Sources */ = {isa = PBXBuildFile; fileRef = 0337F7C21F307D7F008D1AD0 /* AppDelegate.swift */; };
		0337F7C51F307D7F008D1AD0 /* ViewController.swift in Sources */ = {isa = PBXBuildFile; fileRef = 0337F7C41F307D7F008D1AD0 /* ViewController.swift */; };
		0337F7C81F307D7F008D1AD0 /* Main.storyboard in Resources */ = {isa = PBXBuildFile; fileRef = 0337F7C61F307D7F008D1AD0 /* Main.storyboard */; };
		0337F7CA1F307D7F008D1AD0 /* Assets.xcassets in Resources */ = {isa = PBXBuildFile; fileRef = 0337F7C91F307D7F008D1AD0 /* Assets.xcassets */; };
		0337F7CD1F307D7F008D1AD0 /* LaunchScreen.storyboard in Resources */ = {isa = PBXBuildFile; fileRef = 0337F7CB1F307D7F008D1AD0 /* LaunchScreen.storyboard */; };
		0337F7D81F307D80008D1AD0 /* Swift_____Tests.swift in Sources */ = {isa = PBXBuildFile; fileRef = 0337F7D71F307D80008D1AD0 /* Swift_____Tests.swift */; };
		0337F7E31F307D80008D1AD0 /* Swift_____UITests.swift in Sources */ = {isa = PBXBuildFile; fileRef = 0337F7E21F307D80008D1AD0 /* Swift_____UITests.swift */; };
/* End PBXBuildFile section */

/* Begin PBXContainerItemProxy section */
		0337F7D41F307D80008D1AD0 /* PBXContainerItemProxy */ = {
			isa = PBXContainerItemProxy;
			containerPortal = 0337F7B71F307D7F008D1AD0 /* Project object */;
			proxyType = 1;
			remoteGlobalIDString = 0337F7BE1F307D7F008D1AD0;
			remoteInfo = "Swift_异常捕捉";
		};
		0337F7DF1F307D80008D1AD0 /* PBXContainerItemProxy */ = {
			isa = PBXContainerItemProxy;
			containerPortal = 0337F7B71F307D7F008D1AD0 /* Project object */;
			proxyType = 1;
			remoteGlobalIDString = 0337F7BE1F307D7F008D1AD0;
			remoteInfo = "Swift_异常捕捉";
		};
/* End PBXContainerItemProxy section */

/* Begin PBXFileReference section */
		0337F7BF1F307D7F008D1AD0 /* Swift_异常捕捉.app */ = {isa = PBXFileReference; explicitFileType = wrapper.application; includeInIndex = 0; path = "Swift_异常捕捉.app"; sourceTree = BUILT_PRODUCTS_DIR; };
		0337F7C21F307D7F008D1AD0 /* AppDelegate.swift */ = {isa = PBXFileReference; lastKnownFileType = sourcecode.swift; path = AppDelegate.swift; sourceTree = "<group>"; };
		0337F7C41F307D7F008D1AD0 /* ViewController.swift */ = {isa = PBXFileReference; lastKnownFileType = sourcecode.swift; path = ViewController.swift; sourceTree = "<group>"; };
		0337F7C71F307D7F008D1AD0 /* Base */ = {isa = PBXFileReference; lastKnownFileType = file.storyboard; name = Base; path = Base.lproj/Main.storyboard; sourceTree = "<group>"; };
		0337F7C91F307D7F008D1AD0 /* Assets.xcassets */ = {isa = PBXFileReference; lastKnownFileType = folder.assetcatalog; path = Assets.xcassets; sourceTree = "<group>"; };
		0337F7CC1F307D7F008D1AD0 /* Base */ = {isa = PBXFileReference; lastKnownFileType = file.storyboard; name = Base; path = Base.lproj/LaunchScreen.storyboard; sourceTree = "<group>"; };
		0337F7CE1F307D7F008D1AD0 /* Info.plist */ = {isa = PBXFileReference; lastKnownFileType = text.plist.xml; path = Info.plist; sourceTree = "<group>"; };
		0337F7D31F307D80008D1AD0 /* Swift_异常捕捉Tests.xctest */ = {isa = PBXFileReference; explicitFileType = wrapper.cfbundle; includeInIndex = 0; path = "Swift_异常捕捉Tests.xctest"; sourceTree = BUILT_PRODUCTS_DIR; };
		0337F7D71F307D80008D1AD0 /* Swift_____Tests.swift */ = {isa = PBXFileReference; lastKnownFileType = sourcecode.swift; path = "Swift_____Tests.swift"; sourceTree = "<group>"; };
		0337F7D91F307D80008D1AD0 /* Info.plist */ = {isa = PBXFileReference; lastKnownFileType = text.plist.xml; path = Info.plist; sourceTree = "<group>"; };
		0337F7DE1F307D80008D1AD0 /* Swift_异常捕捉UITests.xctest */ = {isa = PBXFileReference; explicitFileType = wrapper.cfbundle; includeInIndex = 0; path = "Swift_异常捕捉UITests.xctest"; sourceTree = BUILT_PRODUCTS_DIR; };
		0337F7E21F307D80008D1AD0 /* Swift_____UITests.swift */ = {isa = PBXFileReference; lastKnownFileType = sourcecode.swift; path = "Swift_____UITests.swift"; sourceTree = "<group>"; };
		0337F7E41F307D80008D1AD0 /* Info.plist */ = {isa = PBXFileReference; lastKnownFileType = text.plist.xml; path = Info.plist; sourceTree = "<group>"; };
/* End PBXFileReference section */

/* Begin PBXFrameworksBuildPhase section */
		0337F7BC1F307D7F008D1AD0 /* Frameworks */ = {
			isa = PBXFrameworksBuildPhase;
			buildActionMask = 2147483647;
			files = (
			);
			runOnlyForDeploymentPostprocessing = 0;
		};
		0337F7D01F307D80008D1AD0 /* Frameworks */ = {
			isa = PBXFrameworksBuildPhase;
			buildActionMask = 2147483647;
			files = (
			);
			runOnlyForDeploymentPostprocessing = 0;
		};
		0337F7DB1F307D80008D1AD0 /* Frameworks */ = {
			isa = PBXFrameworksBuildPhase;
			buildActionMask = 2147483647;
			files = (
			);
			runOnlyForDeploymentPostprocessing = 0;
		};
/* End PBXFrameworksBuildPhase section */

/* Begin PBXGroup section */
		0337F7B61F307D7F008D1AD0 = {
			isa = PBXGroup;
			children = (
				0337F7C11F307D7F008D1AD0 /* Swift_异常捕捉 */,
				0337F7D61F307D80008D1AD0 /* Swift_异常捕捉Tests */,
				0337F7E11F307D80008D1AD0 /* Swift_异常捕捉UITests */,
				0337F7C01F307D7F008D1AD0 /* Products */,
			);
			sourceTree = "<group>";
		};
		0337F7C01F307D7F008D1AD0 /* Products */ = {
			isa = PBXGroup;
			children = (
				0337F7BF1F307D7F008D1AD0 /* Swift_异常捕捉.app */,
				0337F7D31F307D80008D1AD0 /* Swift_异常捕捉Tests.xctest */,
				0337F7DE1F307D80008D1AD0 /* Swift_异常捕捉UITests.xctest */,
			);
			name = Products;
			sourceTree = "<group>";
		};
		0337F7C11F307D7F008D1AD0 /* Swift_异常捕捉 */ = {
			isa = PBXGroup;
			children = (
				0337F7C21F307D7F008D1AD0 /* AppDelegate.swift */,
				0337F7C41F307D7F008D1AD0 /* ViewController.swift */,
				0337F7C61F307D7F008D1AD0 /* Main.storyboard */,
				0337F7C91F307D7F008D1AD0 /* Assets.xcassets */,
				0337F7CB1F307D7F008D1AD0 /* LaunchScreen.storyboard */,
				0337F7CE1F307D7F008D1AD0 /* Info.plist */,
			);
			path = "Swift_异常捕捉";
			sourceTree = "<group>";
		};
		0337F7D61F307D80008D1AD0 /* Swift_异常捕捉Tests */ = {
			isa = PBXGroup;
			children = (
				0337F7D71F307D80008D1AD0 /* Swift_____Tests.swift */,
				0337F7D91F307D80008D1AD0 /* Info.plist */,
			);
			path = "Swift_异常捕捉Tests";
			sourceTree = "<group>";
		};
		0337F7E11F307D80008D1AD0 /* Swift_异常捕捉UITests */ = {
			isa = PBXGroup;
			children = (
				0337F7E21F307D80008D1AD0 /* Swift_____UITests.swift */,
				0337F7E41F307D80008D1AD0 /* Info.plist */,
			);
			path = "Swift_异常捕捉UITests";
			sourceTree = "<group>";
		};
/* End PBXGroup section */

/* Begin PBXNativeTarget section */
		0337F7BE1F307D7F008D1AD0 /* Swift_异常捕捉 */ = {
			isa = PBXNativeTarget;
			buildConfigurationList = 0337F7E71F307D80008D1AD0 /* Build configuration list for PBXNativeTarget "Swift_异常捕捉" */;
			buildPhases = (
				0337F7BB1F307D7F008D1AD0 /* Sources */,
				0337F7BC1F307D7F008D1AD0 /* Frameworks */,
				0337F7BD1F307D7F008D1AD0 /* Resources */,
			);
			buildRules = (
			);
			dependencies = (
			);
			name = "Swift_异常捕捉";
			productName = "Swift_异常捕捉";
			productReference = 0337F7BF1F307D7F008D1AD0 /* Swift_异常捕捉.app */;
			productType = "com.apple.product-type.application";
		};
		0337F7D21F307D80008D1AD0 /* Swift_异常捕捉Tests */ = {
			isa = PBXNativeTarget;
			buildConfigurationList = 0337F7EA1F307D80008D1AD0 /* Build configuration list for PBXNativeTarget "Swift_异常捕捉Tests" */;
			buildPhases = (
				0337F7CF1F307D80008D1AD0 /* Sources */,
				0337F7D01F307D80008D1AD0 /* Frameworks */,
				0337F7D11F307D80008D1AD0 /* Resources */,
			);
			buildRules = (
			);
			dependencies = (
				0337F7D51F307D80008D1AD0 /* PBXTargetDependency */,
			);
			name = "Swift_异常捕捉Tests";
			productName = "Swift_异常捕捉Tests";
			productReference = 0337F7D31F307D80008D1AD0 /* Swift_异常捕捉Tests.xctest */;
			productType = "com.apple.product-type.bundle.unit-test";
		};
		0337F7DD1F307D80008D1AD0 /* Swift_异常捕捉UITests */ = {
			isa = PBXNativeTarget;
			buildConfigurationList = 0337F7ED1F307D80008D1AD0 /* Build configuration list for PBXNativeTarget "Swift_异常捕捉UITests" */;
			buildPhases = (
				0337F7DA1F307D80008D1AD0 /* Sources */,
				0337F7DB1F307D80008D1AD0 /* Frameworks */,
				0337F7DC1F307D80008D1AD0 /* Resources */,
			);
			buildRules = (
			);
			dependencies = (
				0337F7E01F307D80008D1AD0 /* PBXTargetDependency */,
			);
			name = "Swift_异常捕捉UITests";
			productName = "Swift_异常捕捉UITests";
			productReference = 0337F7DE1F307D80008D1AD0 /* Swift_异常捕捉UITests.xctest */;
			productType = "com.apple.product-type.bundle.ui-testing";
		};
/* End PBXNativeTarget section */

/* Begin PBXProject section */
		0337F7B71F307D7F008D1AD0 /* Project object */ = {
			isa = PBXProject;
			attributes = {
				LastSwiftUpdateCheck = 0830;
				LastUpgradeCheck = 0830;
				ORGANIZATIONNAME = Mobby;
				TargetAttributes = {
					0337F7BE1F307D7F008D1AD0 = {
						CreatedOnToolsVersion = 8.3.3;
						DevelopmentTeam = 3T8XA4F59Q;
						ProvisioningStyle = Automatic;
					};
					0337F7D21F307D80008D1AD0 = {
						CreatedOnToolsVersion = 8.3.3;
						DevelopmentTeam = 3T8XA4F59Q;
						ProvisioningStyle = Automatic;
						TestTargetID = 0337F7BE1F307D7F008D1AD0;
					};
					0337F7DD1F307D80008D1AD0 = {
						CreatedOnToolsVersion = 8.3.3;
						DevelopmentTeam = 3T8XA4F59Q;
						ProvisioningStyle = Automatic;
						TestTargetID = 0337F7BE1F307D7F008D1AD0;
					};
				};
			};
			buildConfigurationList = 0337F7BA1F307D7F008D1AD0 /* Build configuration list for PBXProject "Swift_异常捕捉" */;
			compatibilityVersion = "Xcode 3.2";
			developmentRegion = English;
			hasScannedForEncodings = 0;
			knownRegions = (
				en,
				Base,
			);
			mainGroup = 0337F7B61F307D7F008D1AD0;
			productRefGroup = 0337F7C01F307D7F008D1AD0 /* Products */;
			projectDirPath = "";
			projectRoot = "";
			targets = (
				0337F7BE1F307D7F008D1AD0 /* Swift_异常捕捉 */,
				0337F7D21F307D80008D1AD0 /* Swift_异常捕捉Tests */,
				0337F7DD1F307D80008D1AD0 /* Swift_异常捕捉UITests */,
			);
		};
/* End PBXProject section */

/* Begin PBXResourcesBuildPhase section */
		0337F7BD1F307D7F008D1AD0 /* Resources */ = {
			isa = PBXResourcesBuildPhase;
			buildActionMask = 2147483647;
			files = (
				0337F7CD1F307D7F008D1AD0 /* LaunchScreen.storyboard in Resources */,
				0337F7CA1F307D7F008D1AD0 /* Assets.xcassets in Resources */,
				0337F7C81F307D7F008D1AD0 /* Main.storyboard in Resources */,
			);
			runOnlyForDeploymentPostprocessing = 0;
		};
		0337F7D11F307D80008D1AD0 /* Resources */ = {
			isa = PBXResourcesBuildPhase;
			buildActionMask = 2147483647;
			files = (
			);
			runOnlyForDeploymentPostprocessing = 0;
		};
		0337F7DC1F307D80008D1AD0 /* Resources */ = {
			isa = PBXResourcesBuildPhase;
			buildActionMask = 2147483647;
			files = (
			);
			runOnlyForDeploymentPostprocessing = 0;
		};
/* End PBXResourcesBuildPhase section */

/* Begin PBXSourcesBuildPhase section */
		0337F7BB1F307D7F008D1AD0 /* Sources */ = {
			isa = PBXSourcesBuildPhase;
			buildActionMask = 2147483647;
			files = (
				0337F7C51F307D7F008D1AD0 /* ViewController.swift in Sources */,
				0337F7C31F307D7F008D1AD0 /* AppDelegate.swift in Sources */,
			);
			runOnlyForDeploymentPostprocessing = 0;
		};
		0337F7CF1F307D80008D1AD0 /* Sources */ = {
			isa = PBXSourcesBuildPhase;
			buildActionMask = 2147483647;
			files = (
				0337F7D81F307D80008D1AD0 /* Swift_____Tests.swift in Sources */,
			);
			runOnlyForDeploymentPostprocessing = 0;
		};
		0337F7DA1F307D80008D1AD0 /* Sources */ = {
			isa = PBXSourcesBuildPhase;
			buildActionMask = 2147483647;
			files = (
				0337F7E31F307D80008D1AD0 /* Swift_____UITests.swift in Sources */,
			);
			runOnlyForDeploymentPostprocessing = 0;
		};
/* End PBXSourcesBuildPhase section */

/* Begin PBXTargetDependency section */
		0337F7D51F307D80008D1AD0 /* PBXTargetDependency */ = {
			isa = PBXTargetDependency;
			target = 0337F7BE1F307D7F008D1AD0 /* Swift_异常捕捉 */;
			targetProxy = 0337F7D41F307D80008D1AD0 /* PBXContainerItemProxy */;
		};
		0337F7E01F307D80008D1AD0 /* PBXTargetDependency */ = {
			isa = PBXTargetDependency;
			target = 0337F7BE1F307D7F008D1AD0 /* Swift_异常捕捉 */;
			targetProxy = 0337F7DF1F307D80008D1AD0 /* PBXContainerItemProxy */;
		};
/* End PBXTargetDependency section */

/* Begin PBXVariantGroup section */
		0337F7C61F307D7F008D1AD0 /* Main.storyboard */ = {
			isa = PBXVariantGroup;
			children = (
				0337F7C71F307D7F008D1AD0 /* Base */,
			);
			name = Main.storyboard;
			sourceTree = "<group>";
		};
		0337F7CB1F307D7F008D1AD0 /* LaunchScreen.storyboard */ = {
			isa = PBXVariantGroup;
			children = (
				0337F7CC1F307D7F008D1AD0 /* Base */,
			);
			name = LaunchScreen.storyboard;
			sourceTree = "<group>";
		};
/* End PBXVariantGroup section */

/* Begin XCBuildConfiguration section */
		0337F7E51F307D80008D1AD0 /* Debug */ = {
			isa = XCBuildConfiguration;
			buildSettings = {
				ALWAYS_SEARCH_USER_PATHS = NO;
				CLANG_ANALYZER_NONNULL = YES;
				CLANG_ANALYZER_NUMBER_OBJECT_CONVERSION = YES_AGGRESSIVE;
				CLANG_CXX_LANGUAGE_STANDARD = "gnu++0x";
				CLANG_CXX_LIBRARY = "libc++";
				CLANG_ENABLE_MODULES = YES;
				CLANG_ENABLE_OBJC_ARC = YES;
				CLANG_WARN_BOOL_CONVERSION = YES;
				CLANG_WARN_CONSTANT_CONVERSION = YES;
				CLANG_WARN_DIRECT_OBJC_ISA_USAGE = YES_ERROR;
				CLANG_WARN_DOCUMENTATION_COMMENTS = YES;
				CLANG_WARN_EMPTY_BODY = YES;
				CLANG_WARN_ENUM_CONVERSION = YES;
				CLANG_WARN_INFINITE_RECURSION = YES;
				CLANG_WARN_INT_CONVERSION = YES;
				CLANG_WARN_OBJC_ROOT_CLASS = YES_ERROR;
				CLANG_WARN_SUSPICIOUS_MOVE = YES;
				CLANG_WARN_UNREACHABLE_CODE = YES;
				CLANG_WARN__DUPLICATE_METHOD_MATCH = YES;
				"CODE_SIGN_IDENTITY[sdk=iphoneos*]" = "iPhone Developer";
				COPY_PHASE_STRIP = NO;
				DEBUG_INFORMATION_FORMAT = dwarf;
				ENABLE_STRICT_OBJC_MSGSEND = YES;
				ENABLE_TESTABILITY = YES;
				GCC_C_LANGUAGE_STANDARD = gnu99;
				GCC_DYNAMIC_NO_PIC = NO;
				GCC_NO_COMMON_BLOCKS = YES;
				GCC_OPTIMIZATION_LEVEL = 0;
				GCC_PREPROCESSOR_DEFINITIONS = (
					"DEBUG=1",
					"$(inherited)",
				);
				GCC_WARN_64_TO_32_BIT_CONVERSION = YES;
				GCC_WARN_ABOUT_RETURN_TYPE = YES_ERROR;
				GCC_WARN_UNDECLARED_SELECTOR = YES;
				GCC_WARN_UNINITIALIZED_AUTOS = YES_AGGRESSIVE;
				GCC_WARN_UNUSED_FUNCTION = YES;
				GCC_WARN_UNUSED_VARIABLE = YES;
				IPHONEOS_DEPLOYMENT_TARGET = 10.3;
				MTL_ENABLE_DEBUG_INFO = YES;
				ONLY_ACTIVE_ARCH = YES;
				SDKROOT = iphoneos;
				SWIFT_ACTIVE_COMPILATION_CONDITIONS = DEBUG;
				SWIFT_OPTIMIZATION_LEVEL = "-Onone";
				TARGETED_DEVICE_FAMILY = "1,2";
			};
			name = Debug;
		};
		0337F7E61F307D80008D1AD0 /* Release */ = {
			isa = XCBuildConfiguration;
			buildSettings = {
				ALWAYS_SEARCH_USER_PATHS = NO;
				CLANG_ANALYZER_NONNULL = YES;
				CLANG_ANALYZER_NUMBER_OBJECT_CONVERSION = YES_AGGRESSIVE;
				CLANG_CXX_LANGUAGE_STANDARD = "gnu++0x";
				CLANG_CXX_LIBRARY = "libc++";
				CLANG_ENABLE_MODULES = YES;
				CLANG_ENABLE_OBJC_ARC = YES;
				CLANG_WARN_BOOL_CONVERSION = YES;
				CLANG_WARN_CONSTANT_CONVERSION = YES;
				CLANG_WARN_DIRECT_OBJC_ISA_USAGE = YES_ERROR;
				CLANG_WARN_DOCUMENTATION_COMMENTS = YES;
				CLANG_WARN_EMPTY_BODY = YES;
				CLANG_WARN_ENUM_CONVERSION = YES;
				CLANG_WARN_INFINITE_RECURSION = YES;
				CLANG_WARN_INT_CONVERSION = YES;
				CLANG_WARN_OBJC_ROOT_CLASS = YES_ERROR;
				CLANG_WARN_SUSPICIOUS_MOVE = YES;
				CLANG_WARN_UNREACHABLE_CODE = YES;
				CLANG_WARN__DUPLICATE_METHOD_MATCH = YES;
				"CODE_SIGN_IDENTITY[sdk=iphoneos*]" = "iPhone Developer";
				COPY_PHASE_STRIP = NO;
				DEBUG_INFORMATION_FORMAT = "dwarf-with-dsym";
				ENABLE_NS_ASSERTIONS = NO;
				ENABLE_STRICT_OBJC_MSGSEND = YES;
				GCC_C_LANGUAGE_STANDARD = gnu99;
				GCC_NO_COMMON_BLOCKS = YES;
				GCC_WARN_64_TO_32_BIT_CONVERSION = YES;
				GCC_WARN_ABOUT_RETURN_TYPE = YES_ERROR;
				GCC_WARN_UNDECLARED_SELECTOR = YES;
				GCC_WARN_UNINITIALIZED_AUTOS = YES_AGGRESSIVE;
				GCC_WARN_UNUSED_FUNCTION = YES;
				GCC_WARN_UNUSED_VARIABLE = YES;
				IPHONEOS_DEPLOYMENT_TARGET = 10.3;
				MTL_ENABLE_DEBUG_INFO = NO;
				SDKROOT = iphoneos;
				SWIFT_OPTIMIZATION_LEVEL = "-Owholemodule";
				TARGETED_DEVICE_FAMILY = "1,2";
				VALIDATE_PRODUCT = YES;
			};
			name = Release;
		};
		0337F7E81F307D80008D1AD0 /* Debug */ = {
			isa = XCBuildConfiguration;
			buildSettings = {
				ASSETCATALOG_COMPILER_APPICON_NAME = AppIcon;
				DEVELOPMENT_TEAM = 3T8XA4F59Q;
				INFOPLIST_FILE = "Swift_异常捕捉/Info.plist";
				LD_RUNPATH_SEARCH_PATHS = "$(inherited) @executable_path/Frameworks";
				PRODUCT_BUNDLE_IDENTIFIER = "Mobby.Swift-----";
				PRODUCT_NAME = "$(TARGET_NAME)";
				SWIFT_VERSION = 3.0;
			};
			name = Debug;
		};
		0337F7E91F307D80008D1AD0 /* Release */ = {
			isa = XCBuildConfiguration;
			buildSettings = {
				ASSETCATALOG_COMPILER_APPICON_NAME = AppIcon;
				DEVELOPMENT_TEAM = 3T8XA4F59Q;
				INFOPLIST_FILE = "Swift_异常捕捉/Info.plist";
				LD_RUNPATH_SEARCH_PATHS = "$(inherited) @executable_path/Frameworks";
				PRODUCT_BUNDLE_IDENTIFIER = "Mobby.Swift-----";
				PRODUCT_NAME = "$(TARGET_NAME)";
				SWIFT_VERSION = 3.0;
			};
			name = Release;
		};
		0337F7EB1F307D80008D1AD0 /* Debug */ = {
			isa = XCBuildConfiguration;
			buildSettings = {
				ALWAYS_EMBED_SWIFT_STANDARD_LIBRARIES = YES;
				BUNDLE_LOADER = "$(TEST_HOST)";
				DEVELOPMENT_TEAM = 3T8XA4F59Q;
				INFOPLIST_FILE = "Swift_异常捕捉Tests/Info.plist";
				LD_RUNPATH_SEARCH_PATHS = "$(inherited) @executable_path/Frameworks @loader_path/Frameworks";
				PRODUCT_BUNDLE_IDENTIFIER = "Mobby.Swift-----Tests";
				PRODUCT_NAME = "$(TARGET_NAME)";
				SWIFT_VERSION = 3.0;
				TEST_HOST = "$(BUILT_PRODUCTS_DIR)/Swift_异常捕捉.app/Swift_异常捕捉";
			};
			name = Debug;
		};
		0337F7EC1F307D80008D1AD0 /* Release */ = {
			isa = XCBuildConfiguration;
			buildSettings = {
				ALWAYS_EMBED_SWIFT_STANDARD_LIBRARIES = YES;
				BUNDLE_LOADER = "$(TEST_HOST)";
				DEVELOPMENT_TEAM = 3T8XA4F59Q;
				INFOPLIST_FILE = "Swift_异常捕捉Tests/Info.plist";
				LD_RUNPATH_SEARCH_PATHS = "$(inherited) @executable_path/Frameworks @loader_path/Frameworks";
				PRODUCT_BUNDLE_IDENTIFIER = "Mobby.Swift-----Tests";
				PRODUCT_NAME = "$(TARGET_NAME)";
				SWIFT_VERSION = 3.0;
				TEST_HOST = "$(BUILT_PRODUCTS_DIR)/Swift_异常捕捉.app/Swift_异常捕捉";
			};
			name = Release;
		};
		0337F7EE1F307D80008D1AD0 /* Debug */ = {
			isa = XCBuildConfiguration;
			buildSettings = {
				ALWAYS_EMBED_SWIFT_STANDARD_LIBRARIES = YES;
				DEVELOPMENT_TEAM = 3T8XA4F59Q;
				INFOPLIST_FILE = "Swift_异常捕捉UITests/Info.plist";
				LD_RUNPATH_SEARCH_PATHS = "$(inherited) @executable_path/Frameworks @loader_path/Frameworks";
				PRODUCT_BUNDLE_IDENTIFIER = "Mobby.Swift-----UITests";
				PRODUCT_NAME = "$(TARGET_NAME)";
				SWIFT_VERSION = 3.0;
				TEST_TARGET_NAME = "Swift_异常捕捉";
			};
			name = Debug;
		};
		0337F7EF1F307D80008D1AD0 /* Release */ = {
			isa = XCBuildConfiguration;
			buildSettings = {
				ALWAYS_EMBED_SWIFT_STANDARD_LIBRARIES = YES;
				DEVELOPMENT_TEAM = 3T8XA4F59Q;
				INFOPLIST_FILE = "Swift_异常捕捉UITests/Info.plist";
				LD_RUNPATH_SEARCH_PATHS = "$(inherited) @executable_path/Frameworks @loader_path/Frameworks";
				PRODUCT_BUNDLE_IDENTIFIER = "Mobby.Swift-----UITests";
				PRODUCT_NAME = "$(TARGET_NAME)";
				SWIFT_VERSION = 3.0;
				TEST_TARGET_NAME = "Swift_异常捕捉";
			};
			name = Release;
		};
/* End XCBuildConfiguration section */

/* Begin XCConfigurationList section */
		0337F7BA1F307D7F008D1AD0 /* Build configuration list for PBXProject "Swift_异常捕捉" */ = {
			isa = XCConfigurationList;
			buildConfigurations = (
				0337F7E51F307D80008D1AD0 /* Debug */,
				0337F7E61F307D80008D1AD0 /* Release */,
			);
			defaultConfigurationIsVisible = 0;
			defaultConfigurationName = Release;
		};
		0337F7E71F307D80008D1AD0 /* Build configuration list for PBXNativeTarget "Swift_异常捕捉" */ = {
			isa = XCConfigurationList;
			buildConfigurations = (
				0337F7E81F307D80008D1AD0 /* Debug */,
				0337F7E91F307D80008D1AD0 /* Release */,
			);
			defaultConfigurationIsVisible = 0;
		};
		0337F7EA1F307D80008D1AD0 /* Build configuration list for PBXNativeTarget "Swift_异常捕捉Tests" */ = {
			isa = XCConfigurationList;
			buildConfigurations = (
				0337F7EB1F307D80008D1AD0 /* Debug */,
				0337F7EC1F307D80008D1AD0 /* Release */,
			);
			defaultConfigurationIsVisible = 0;
		};
		0337F7ED1F307D80008D1AD0 /* Build configuration list for PBXNativeTarget "Swift_异常捕捉UITests" */ = {
			isa = XCConfigurationList;
			buildConfigurations = (
				0337F7EE1F307D80008D1AD0 /* Debug */,
				0337F7EF1F307D80008D1AD0 /* Release */,
			);
			defaultConfigurationIsVisible = 0;
		};
/* End XCConfigurationList section */
	};
	rootObject = 0337F7B71F307D7F008D1AD0 /* Project object */;
}
