// !$*UTF8*$!
{
	archiveVersion = 1;
	classes = {
	};
	objectVersion = 46;
	objects = {

/* Begin PBXBuildFile section */
		03CDC1E01E4DAB1200ACBC3A /* main.swift in Sources */ = {isa = PBXBuildFile; fileRef = 03CDC1DF1E4DAB1200ACBC3A /* main.swift */; };
/* End PBXBuildFile section */

/* Begin PBXCopyFilesBuildPhase section */
		03CDC1DA1E4DAB1200ACBC3A /* CopyFiles */ = {
			isa = PBXCopyFilesBuildPhase;
			buildActionMask = 2147483647;
			dstPath = /usr/share/man/man1/;
			dstSubfolderSpec = 0;
			files = (
			);
			runOnlyForDeploymentPostprocessing = 1;
		};
/* End PBXCopyFilesBuildPhase section */

/* Begin PBXFileReference section */
		03CDC1DC1E4DAB1200ACBC3A /* Swift_可选链式调用 */ = {isa = PBXFileReference; explicitFileType = "compiled.mach-o.executable"; includeInIndex = 0; path = "Swift_可选链式调用"; sourceTree = BUILT_PRODUCTS_DIR; };
		03CDC1DF1E4DAB1200ACBC3A /* main.swift */ = {isa = PBXFileReference; lastKnownFileType = sourcecode.swift; path = main.swift; sourceTree = "<group>"; };
/* End PBXFileReference section */

/* Begin PBXFrameworksBuildPhase section */
		03CDC1D91E4DAB1200ACBC3A /* Frameworks */ = {
			isa = PBXFrameworksBuildPhase;
			buildActionMask = 2147483647;
			files = (
			);
			runOnlyForDeploymentPostprocessing = 0;
		};
/* End PBXFrameworksBuildPhase section */

/* Begin PBXGroup section */
		03CDC1D31E4DAB1200ACBC3A = {
			isa = PBXGroup;
			children = (
				03CDC1DE1E4DAB1200ACBC3A /* Swift_可选链式调用 */,
				03CDC1DD1E4DAB1200ACBC3A /* Products */,
			);
			sourceTree = "<group>";
		};
		03CDC1DD1E4DAB1200ACBC3A /* Products */ = {
			isa = PBXGroup;
			children = (
				03CDC1DC1E4DAB1200ACBC3A /* Swift_可选链式调用 */,
			);
			name = Products;
			sourceTree = "<group>";
		};
		03CDC1DE1E4DAB1200ACBC3A /* Swift_可选链式调用 */ = {
			isa = PBXGroup;
			children = (
				03CDC1DF1E4DAB1200ACBC3A /* main.swift */,
			);
			path = "Swift_可选链式调用";
			sourceTree = "<group>";
		};
/* End PBXGroup section */

/* Begin PBXNativeTarget section */
		03CDC1DB1E4DAB1200ACBC3A /* Swift_可选链式调用 */ = {
			isa = PBXNativeTarget;
			buildConfigurationList = 03CDC1E31E4DAB1200ACBC3A /* Build configuration list for PBXNativeTarget "Swift_可选链式调用" */;
			buildPhases = (
				03CDC1D81E4DAB1200ACBC3A /* Sources */,
				03CDC1D91E4DAB1200ACBC3A /* Frameworks */,
				03CDC1DA1E4DAB1200ACBC3A /* CopyFiles */,
			);
			buildRules = (
			);
			dependencies = (
			);
			name = "Swift_可选链式调用";
			productName = "Swift_可选链式调用";
			productReference = 03CDC1DC1E4DAB1200ACBC3A /* Swift_可选链式调用 */;
			productType = "com.apple.product-type.tool";
		};
/* End PBXNativeTarget section */

/* Begin PBXProject section */
		03CDC1D41E4DAB1200ACBC3A /* Project object */ = {
			isa = PBXProject;
			attributes = {
				LastSwiftUpdateCheck = 0820;
				LastUpgradeCheck = 0820;
				ORGANIZATIONNAME = Mobby;
				TargetAttributes = {
					03CDC1DB1E4DAB1200ACBC3A = {
						CreatedOnToolsVersion = 8.2.1;
						DevelopmentTeam = 3T8XA4F59Q;
						ProvisioningStyle = Automatic;
					};
				};
			};
			buildConfigurationList = 03CDC1D71E4DAB1200ACBC3A /* Build configuration list for PBXProject "Swift_可选链式调用" */;
			compatibilityVersion = "Xcode 3.2";
			developmentRegion = English;
			hasScannedForEncodings = 0;
			knownRegions = (
				en,
			);
			mainGroup = 03CDC1D31E4DAB1200ACBC3A;
			productRefGroup = 03CDC1DD1E4DAB1200ACBC3A /* Products */;
			projectDirPath = "";
			projectRoot = "";
			targets = (
				03CDC1DB1E4DAB1200ACBC3A /* Swift_可选链式调用 */,
			);
		};
/* End PBXProject section */

/* Begin PBXSourcesBuildPhase section */
		03CDC1D81E4DAB1200ACBC3A /* Sources */ = {
			isa = PBXSourcesBuildPhase;
			buildActionMask = 2147483647;
			files = (
				03CDC1E01E4DAB1200ACBC3A /* main.swift in Sources */,
			);
			runOnlyForDeploymentPostprocessing = 0;
		};
/* End PBXSourcesBuildPhase section */

/* Begin XCBuildConfiguration section */
		03CDC1E11E4DAB1200ACBC3A /* Debug */ = {
			isa = XCBuildConfiguration;
			buildSettings = {
				ALWAYS_SEARCH_USER_PATHS = NO;
				CLANG_ANALYZER_NONNULL = YES;
				CLANG_CXX_LANGUAGE_STANDARD = "gnu++0x";
				CLANG_CXX_LIBRARY = "libc++";
				CLANG_ENABLE_MODULES = YES;
				CLANG_ENABLE_OBJC_ARC = YES;
				CLANG_WARN_BOOL_CONVERSION = YES;
				CLANG_WARN_CONSTANT_CONVERSION = YES;
				CLANG_WARN_DIRECT_OBJC_ISA_USAGE = YES_ERROR;
				CLANG_WARN_DOCUMENTATION_COMMENTS = YES;
				CLANG_WARN_EMPTY_BODY = YES;
				CLANG_WARN_ENUM_CONVERSION = YES;
				CLANG_WARN_INFINITE_RECURSION = YES;
				CLANG_WARN_INT_CONVERSION = YES;
				CLANG_WARN_OBJC_ROOT_CLASS = YES_ERROR;
				CLANG_WARN_SUSPICIOUS_MOVE = YES;
				CLANG_WARN_UNREACHABLE_CODE = YES;
				CLANG_WARN__DUPLICATE_METHOD_MATCH = YES;
				CODE_SIGN_IDENTITY = "-";
				COPY_PHASE_STRIP = NO;
				DEBUG_INFORMATION_FORMAT = dwarf;
				ENABLE_STRICT_OBJC_MSGSEND = YES;
				ENABLE_TESTABILITY = YES;
				GCC_C_LANGUAGE_STANDARD = gnu99;
				GCC_DYNAMIC_NO_PIC = NO;
				GCC_NO_COMMON_BLOCKS = YES;
				GCC_OPTIMIZATION_LEVEL = 0;
				GCC_PREPROCESSOR_DEFINITIONS = (
					"DEBUG=1",
					"$(inherited)",
				);
				GCC_WARN_64_TO_32_BIT_CONVERSION = YES;
				GCC_WARN_ABOUT_RETURN_TYPE = YES_ERROR;
				GCC_WARN_UNDECLARED_SELECTOR = YES;
				GCC_WARN_UNINITIALIZED_AUTOS = YES_AGGRESSIVE;
				GCC_WARN_UNUSED_FUNCTION = YES;
				GCC_WARN_UNUSED_VARIABLE = YES;
				MACOSX_DEPLOYMENT_TARGET = 10.12;
				MTL_ENABLE_DEBUG_INFO = YES;
				ONLY_ACTIVE_ARCH = YES;
				SDKROOT = macosx;
				SWIFT_OPTIMIZATION_LEVEL = "-Onone";
			};
			name = Debug;
		};
		03CDC1E21E4DAB1200ACBC3A /* Release */ = {
			isa = XCBuildConfiguration;
			buildSettings = {
				ALWAYS_SEARCH_USER_PATHS = NO;
				CLANG_ANALYZER_NONNULL = YES;
				CLANG_CXX_LANGUAGE_STANDARD = "gnu++0x";
				CLANG_CXX_LIBRARY = "libc++";
				CLANG_ENABLE_MODULES = YES;
				CLANG_ENABLE_OBJC_ARC = YES;
				CLANG_WARN_BOOL_CONVERSION = YES;
				CLANG_WARN_CONSTANT_CONVERSION = YES;
				CLANG_WARN_DIRECT_OBJC_ISA_USAGE = YES_ERROR;
				CLANG_WARN_DOCUMENTATION_COMMENTS = YES;
				CLANG_WARN_EMPTY_BODY = YES;
				CLANG_WARN_ENUM_CONVERSION = YES;
				CLANG_WARN_INFINITE_RECURSION = YES;
				CLANG_WARN_INT_CONVERSION = YES;
				CLANG_WARN_OBJC_ROOT_CLASS = YES_ERROR;
				CLANG_WARN_SUSPICIOUS_MOVE = YES;
				CLANG_WARN_UNREACHABLE_CODE = YES;
				CLANG_WARN__DUPLICATE_METHOD_MATCH = YES;
				CODE_SIGN_IDENTITY = "-";
				COPY_PHASE_STRIP = NO;
				DEBUG_INFORMATION_FORMAT = "dwarf-with-dsym";
				ENABLE_NS_ASSERTIONS = NO;
				ENABLE_STRICT_OBJC_MSGSEND = YES;
				GCC_C_LANGUAGE_STANDARD = gnu99;
				GCC_NO_COMMON_BLOCKS = YES;
				GCC_WARN_64_TO_32_BIT_CONVERSION = YES;
				GCC_WARN_ABOUT_RETURN_TYPE = YES_ERROR;
				GCC_WARN_UNDECLARED_SELECTOR = YES;
				GCC_WARN_UNINITIALIZED_AUTOS = YES_AGGRESSIVE;
				GCC_WARN_UNUSED_FUNCTION = YES;
				GCC_WARN_UNUSED_VARIABLE = YES;
				MACOSX_DEPLOYMENT_TARGET = 10.12;
				MTL_ENABLE_DEBUG_INFO = NO;
				SDKROOT = macosx;
			};
			name = Release;
		};
		03CDC1E41E4DAB1200ACBC3A /* Debug */ = {
			isa = XCBuildConfiguration;
			buildSettings = {
				DEVELOPMENT_TEAM = 3T8XA4F59Q;
				PRODUCT_NAME = "$(TARGET_NAME)";
				SWIFT_VERSION = 3.0;
			};
			name = Debug;
		};
		03CDC1E51E4DAB1200ACBC3A /* Release */ = {
			isa = XCBuildConfiguration;
			buildSettings = {
				DEVELOPMENT_TEAM = 3T8XA4F59Q;
				PRODUCT_NAME = "$(TARGET_NAME)";
				SWIFT_VERSION = 3.0;
			};
			name = Release;
		};
/* End XCBuildConfiguration section */

/* Begin XCConfigurationList section */
		03CDC1D71E4DAB1200ACBC3A /* Build configuration list for PBXProject "Swift_可选链式调用" */ = {
			isa = XCConfigurationList;
			buildConfigurations = (
				03CDC1E11E4DAB1200ACBC3A /* Debug */,
				03CDC1E21E4DAB1200ACBC3A /* Release */,
			);
			defaultConfigurationIsVisible = 0;
			defaultConfigurationName = Release;
		};
		03CDC1E31E4DAB1200ACBC3A /* Build configuration list for PBXNativeTarget "Swift_可选链式调用" */ = {
			isa = XCConfigurationList;
			buildConfigurations = (
				03CDC1E41E4DAB1200ACBC3A /* Debug */,
				03CDC1E51E4DAB1200ACBC3A /* Release */,
			);
			defaultConfigurationIsVisible = 0;
		};
/* End XCConfigurationList section */
	};
	rootObject = 03CDC1D41E4DAB1200ACBC3A /* Project object */;
}
